// !$*UTF8*$!
{
	archiveVersion = 1;
	classes = {
	};
	objectVersion = 54;
	objects = {

/* Begin PBXBuildFile section */
		2C066B5A21F1942700DCF5AD /* AppDelegate.swift in Sources */ = {isa = PBXBuildFile; fileRef = 2C066B5921F1942700DCF5AD /* AppDelegate.swift */; };
		2C066B5C21F1942700DCF5AD /* ViewController.swift in Sources */ = {isa = PBXBuildFile; fileRef = 2C066B5B21F1942700DCF5AD /* ViewController.swift */; };
		2C066B5E21F1942800DCF5AD /* Assets.xcassets in Resources */ = {isa = PBXBuildFile; fileRef = 2C066B5D21F1942800DCF5AD /* Assets.xcassets */; };
		2C066B6C21F1944A00DCF5AD /* DIMBridge.swift in Sources */ = {isa = PBXBuildFile; fileRef = 2C066B6B21F1944A00DCF5AD /* DIMBridge.swift */; };
		2C066B6E21F1945800DCF5AD /* DIM.applescript in Sources */ = {isa = PBXBuildFile; fileRef = 2C066B6D21F1945800DCF5AD /* DIM.applescript */; };
		2C066B7121F1A67F00DCF5AD /* AppleScriptObjC.framework in Frameworks */ = {isa = PBXBuildFile; fileRef = 2C066B7021F1A67F00DCF5AD /* AppleScriptObjC.framework */; };
		2C066B9621F320F700DCF5AD /* EditSheet.swift in Sources */ = {isa = PBXBuildFile; fileRef = 2C066B9521F320F700DCF5AD /* EditSheet.swift */; };
		2C351E752DD66B4500AFE2CF /* DIMDockTilePlugin.swift in Sources */ = {isa = PBXBuildFile; fileRef = 2C351E742DD66B4500AFE2CF /* DIMDockTilePlugin.swift */; };
		2C351E8E2DD9585700AFE2CF /* DockHelper.swift in Sources */ = {isa = PBXBuildFile; fileRef = 2C351E8D2DD9585700AFE2CF /* DockHelper.swift */; };
		2C728A2C2365239500D65798 /* ChangeArrangement.swift in Sources */ = {isa = PBXBuildFile; fileRef = 2C728A2B2365239500D65798 /* ChangeArrangement.swift */; };
		2C728A322372238500D65798 /* DIM 4.0.help in Resources */ = {isa = PBXBuildFile; fileRef = 2C728A312372238500D65798 /* DIM 4.0.help */; };
		2C73DC292788C7C8005F7BFC /* Hider.swift in Sources */ = {isa = PBXBuildFile; fileRef = 2C73DC282788C7C8005F7BFC /* Hider.swift */; };
		2C79D9CE21F8EF1400C612B4 /* Main.storyboard in Resources */ = {isa = PBXBuildFile; fileRef = 2C79D9CC21F8EF1400C612B4 /* Main.storyboard */; };
		2C9AB91921F3C48100EB09A7 /* AddArrangement.swift in Sources */ = {isa = PBXBuildFile; fileRef = 2C9AB91821F3C48100EB09A7 /* AddArrangement.swift */; };
		2CE7240721FA56CE00788C31 /* ErrorSheet.swift in Sources */ = {isa = PBXBuildFile; fileRef = 2CE7240521FA56CE00788C31 /* ErrorSheet.swift */; };
		2CEAC24A2A6E055400F93535 /* PlistOptionSheet.swift in Sources */ = {isa = PBXBuildFile; fileRef = 2CEAC2492A6E055400F93535 /* PlistOptionSheet.swift */; };
		2CF787F22AB64ED70053E8A9 /* Update.swift in Sources */ = {isa = PBXBuildFile; fileRef = 2CF787F12AB64ED70053E8A9 /* Update.swift */; };
/* End PBXBuildFile section */

/* Begin PBXCopyFilesBuildPhase section */
		2CFDCAC32DCFFEFC009ACE63 /* CopyFiles */ = {
			isa = PBXCopyFilesBuildPhase;
			buildActionMask = 2147483647;
			dstPath = "";
			dstSubfolderSpec = 13;
			files = (
			);
			runOnlyForDeploymentPostprocessing = 0;
		};
/* End PBXCopyFilesBuildPhase section */

/* Begin PBXFileReference section */
		2C066B5621F1942700DCF5AD /* DIM.app */ = {isa = PBXFileReference; explicitFileType = wrapper.application; includeInIndex = 0; path = DIM.app; sourceTree = BUILT_PRODUCTS_DIR; };
		2C066B5921F1942700DCF5AD /* AppDelegate.swift */ = {isa = PBXFileReference; lastKnownFileType = sourcecode.swift; path = AppDelegate.swift; sourceTree = "<group>"; };
		2C066B5B21F1942700DCF5AD /* ViewController.swift */ = {isa = PBXFileReference; lastKnownFileType = sourcecode.swift; path = ViewController.swift; sourceTree = "<group>"; };
		2C066B5D21F1942800DCF5AD /* Assets.xcassets */ = {isa = PBXFileReference; lastKnownFileType = folder.assetcatalog; path = Assets.xcassets; sourceTree = "<group>"; };
		2C066B6221F1942800DCF5AD /* Info.plist */ = {isa = PBXFileReference; lastKnownFileType = text.plist.xml; path = Info.plist; sourceTree = "<group>"; };
		2C066B6B21F1944A00DCF5AD /* DIMBridge.swift */ = {isa = PBXFileReference; fileEncoding = 4; lastKnownFileType = sourcecode.swift; path = DIMBridge.swift; sourceTree = "<group>"; };
		2C066B6D21F1945800DCF5AD /* DIM.applescript */ = {isa = PBXFileReference; fileEncoding = 4; lastKnownFileType = sourcecode.applescript; path = DIM.applescript; sourceTree = "<group>"; };
		2C066B7021F1A67F00DCF5AD /* AppleScriptObjC.framework */ = {isa = PBXFileReference; lastKnownFileType = wrapper.framework; name = AppleScriptObjC.framework; path = System/Library/Frameworks/AppleScriptObjC.framework; sourceTree = SDKROOT; };
		2C066B9521F320F700DCF5AD /* EditSheet.swift */ = {isa = PBXFileReference; lastKnownFileType = sourcecode.swift; path = EditSheet.swift; sourceTree = "<group>"; };
		2C351E6F2DD66A6800AFE2CF /* DIMDockTilePlugin.docktileplugin */ = {isa = PBXFileReference; explicitFileType = wrapper.cfbundle; includeInIndex = 0; path = DIMDockTilePlugin.docktileplugin; sourceTree = BUILT_PRODUCTS_DIR; };
		2C351E742DD66B4500AFE2CF /* DIMDockTilePlugin.swift */ = {isa = PBXFileReference; lastKnownFileType = sourcecode.swift; path = DIMDockTilePlugin.swift; sourceTree = "<group>"; };
		2C351E8D2DD9585700AFE2CF /* DockHelper.swift */ = {isa = PBXFileReference; lastKnownFileType = sourcecode.swift; path = DockHelper.swift; sourceTree = "<group>"; };
		2C728A2B2365239500D65798 /* ChangeArrangement.swift */ = {isa = PBXFileReference; lastKnownFileType = sourcecode.swift; path = ChangeArrangement.swift; sourceTree = "<group>"; };
		2C728A312372238500D65798 /* DIM 4.0.help */ = {isa = PBXFileReference; lastKnownFileType = folder; name = "DIM 4.0.help"; path = "DIM/Resources/DIM 4.0.help"; sourceTree = "<group>"; };
		2C73DC282788C7C8005F7BFC /* Hider.swift */ = {isa = PBXFileReference; lastKnownFileType = sourcecode.swift; path = Hider.swift; sourceTree = "<group>"; };
		2C79D9CD21F8EF1400C612B4 /* Base */ = {isa = PBXFileReference; lastKnownFileType = file.storyboard; name = Base; path = Base.lproj/Main.storyboard; sourceTree = "<group>"; };
		2C9AB91821F3C48100EB09A7 /* AddArrangement.swift */ = {isa = PBXFileReference; lastKnownFileType = sourcecode.swift; path = AddArrangement.swift; sourceTree = "<group>"; };
		2CE7240521FA56CE00788C31 /* ErrorSheet.swift */ = {isa = PBXFileReference; lastKnownFileType = sourcecode.swift; path = ErrorSheet.swift; sourceTree = "<group>"; };
		2CE7240921FA73B300788C31 /* DIM.entitlements */ = {isa = PBXFileReference; lastKnownFileType = text.plist.entitlements; path = DIM.entitlements; sourceTree = "<group>"; };
		2CEAC2492A6E055400F93535 /* PlistOptionSheet.swift */ = {isa = PBXFileReference; lastKnownFileType = sourcecode.swift; path = PlistOptionSheet.swift; sourceTree = "<group>"; };
		2CF787F12AB64ED70053E8A9 /* Update.swift */ = {isa = PBXFileReference; lastKnownFileType = sourcecode.swift; path = Update.swift; sourceTree = "<group>"; };
/* End PBXFileReference section */

/* Begin PBXFrameworksBuildPhase section */
		2C066B5321F1942700DCF5AD /* Frameworks */ = {
			isa = PBXFrameworksBuildPhase;
			buildActionMask = 2147483647;
			files = (
				2C066B7121F1A67F00DCF5AD /* AppleScriptObjC.framework in Frameworks */,
			);
			runOnlyForDeploymentPostprocessing = 0;
		};
		2C351E6C2DD66A6800AFE2CF /* Frameworks */ = {
			isa = PBXFrameworksBuildPhase;
			buildActionMask = 2147483647;
			files = (
			);
			runOnlyForDeploymentPostprocessing = 0;
		};
/* End PBXFrameworksBuildPhase section */

/* Begin PBXGroup section */
		2C066B4D21F1942600DCF5AD = {
			isa = PBXGroup;
			children = (
				2C351E732DD66AF300AFE2CF /* DIMDockTilePlugin */,
				2C066B5821F1942700DCF5AD /* DIM */,
				2C728A312372238500D65798 /* DIM 4.0.help */,
				2C066B5721F1942700DCF5AD /* Products */,
				2C066B6F21F1A67F00DCF5AD /* Frameworks */,
			);
			sourceTree = "<group>";
		};
		2C066B5721F1942700DCF5AD /* Products */ = {
			isa = PBXGroup;
			children = (
				2C066B5621F1942700DCF5AD /* DIM.app */,
				2C351E6F2DD66A6800AFE2CF /* DIMDockTilePlugin.docktileplugin */,
			);
			name = Products;
			sourceTree = "<group>";
		};
		2C066B5821F1942700DCF5AD /* DIM */ = {
			isa = PBXGroup;
			children = (
				2C066B5921F1942700DCF5AD /* AppDelegate.swift */,
				2C73DC282788C7C8005F7BFC /* Hider.swift */,
				2C066B5B21F1942700DCF5AD /* ViewController.swift */,
				2C066B9521F320F700DCF5AD /* EditSheet.swift */,
				2CEAC2492A6E055400F93535 /* PlistOptionSheet.swift */,
				2C9AB91821F3C48100EB09A7 /* AddArrangement.swift */,
				2C728A2B2365239500D65798 /* ChangeArrangement.swift */,
				2CE7240521FA56CE00788C31 /* ErrorSheet.swift */,
				2CF787F12AB64ED70053E8A9 /* Update.swift */,
				2C066B6B21F1944A00DCF5AD /* DIMBridge.swift */,
				2C066B6D21F1945800DCF5AD /* DIM.applescript */,
				2C79D9CC21F8EF1400C612B4 /* Main.storyboard */,
				2C066B5D21F1942800DCF5AD /* Assets.xcassets */,
				2CE7240921FA73B300788C31 /* DIM.entitlements */,
				2C066B6221F1942800DCF5AD /* Info.plist */,
				2C351E8D2DD9585700AFE2CF /* DockHelper.swift */,
			);
			path = DIM;
			sourceTree = "<group>";
		};
		2C066B6F21F1A67F00DCF5AD /* Frameworks */ = {
			isa = PBXGroup;
			children = (
				2C066B7021F1A67F00DCF5AD /* AppleScriptObjC.framework */,
			);
			name = Frameworks;
			sourceTree = "<group>";
		};
		2C351E732DD66AF300AFE2CF /* DIMDockTilePlugin */ = {
			isa = PBXGroup;
			children = (
				2C351E742DD66B4500AFE2CF /* DIMDockTilePlugin.swift */,
			);
			path = DIMDockTilePlugin;
			sourceTree = "<group>";
		};
/* End PBXGroup section */

/* Begin PBXNativeTarget section */
		2C066B5521F1942700DCF5AD /* DIM */ = {
			isa = PBXNativeTarget;
			buildConfigurationList = 2C066B6621F1942800DCF5AD /* Build configuration list for PBXNativeTarget "DIM" */;
			buildPhases = (
				2C066B5221F1942700DCF5AD /* Sources */,
				2C066B5321F1942700DCF5AD /* Frameworks */,
				2C066B5421F1942700DCF5AD /* Resources */,
				2CFDCAC32DCFFEFC009ACE63 /* CopyFiles */,
			);
			buildRules = (
			);
			dependencies = (
			);
			name = DIM;
			productName = "DIM 3.0";
			productReference = 2C066B5621F1942700DCF5AD /* DIM.app */;
			productType = "com.apple.product-type.application";
		};
		2C351E6E2DD66A6800AFE2CF /* DIMDockTilePlugin */ = {
			isa = PBXNativeTarget;
			buildConfigurationList = 2C351E722DD66A6800AFE2CF /* Build configuration list for PBXNativeTarget "DIMDockTilePlugin" */;
			buildPhases = (
				2C351E6B2DD66A6800AFE2CF /* Sources */,
				2C351E6C2DD66A6800AFE2CF /* Frameworks */,
				2C351E6D2DD66A6800AFE2CF /* Resources */,
			);
			buildRules = (
			);
			dependencies = (
			);
			name = DIMDockTilePlugin;
			packageProductDependencies = (
			);
			productName = DIMDockTilePlugin;
			productReference = 2C351E6F2DD66A6800AFE2CF /* DIMDockTilePlugin.docktileplugin */;
			productType = "com.apple.product-type.bundle";
		};
/* End PBXNativeTarget section */

/* Begin PBXProject section */
		2C066B4E21F1942600DCF5AD /* Project object */ = {
			isa = PBXProject;
			attributes = {
				BuildIndependentTargetsInParallel = YES;
				LastSwiftUpdateCheck = 1010;
				LastUpgradeCheck = 1430;
				ORGANIZATIONNAME = "G.J. Parker";
				TargetAttributes = {
					2C066B5521F1942700DCF5AD = {
						CreatedOnToolsVersion = 10.1;
						LastSwiftMigration = 1320;
						SystemCapabilities = {
							com.apple.ApplicationGroups.Mac = {
								enabled = 0;
							};
							com.apple.HardenedRuntime = {
								enabled = 1;
							};
							com.apple.Sandbox = {
								enabled = 1;
							};
						};
					};
					2C351E6E2DD66A6800AFE2CF = {
						CreatedOnToolsVersion = 16.3;
						LastSwiftMigration = 1630;
					};
				};
			};
			buildConfigurationList = 2C066B5121F1942600DCF5AD /* Build configuration list for PBXProject "DIM" */;
			compatibilityVersion = "Xcode 9.3";
			developmentRegion = en;
			hasScannedForEncodings = 0;
			knownRegions = (
				en,
				Base,
			);
			mainGroup = 2C066B4D21F1942600DCF5AD;
			productRefGroup = 2C066B5721F1942700DCF5AD /* Products */;
			projectDirPath = "";
			projectRoot = "";
			targets = (
				2C066B5521F1942700DCF5AD /* DIM */,
				2C351E6E2DD66A6800AFE2CF /* DIMDockTilePlugin */,
			);
		};
/* End PBXProject section */

/* Begin PBXResourcesBuildPhase section */
		2C066B5421F1942700DCF5AD /* Resources */ = {
			isa = PBXResourcesBuildPhase;
			buildActionMask = 2147483647;
			files = (
				2C728A322372238500D65798 /* DIM 4.0.help in Resources */,
				2C79D9CE21F8EF1400C612B4 /* Main.storyboard in Resources */,
				2C066B5E21F1942800DCF5AD /* Assets.xcassets in Resources */,
			);
			runOnlyForDeploymentPostprocessing = 0;
		};
		2C351E6D2DD66A6800AFE2CF /* Resources */ = {
			isa = PBXResourcesBuildPhase;
			buildActionMask = 2147483647;
			files = (
			);
			runOnlyForDeploymentPostprocessing = 0;
		};
/* End PBXResourcesBuildPhase section */

/* Begin PBXSourcesBuildPhase section */
		2C066B5221F1942700DCF5AD /* Sources */ = {
			isa = PBXSourcesBuildPhase;
			buildActionMask = 2147483647;
			files = (
				2CF787F22AB64ED70053E8A9 /* Update.swift in Sources */,
				2C351E8E2DD9585700AFE2CF /* DockHelper.swift in Sources */,
				2CE7240721FA56CE00788C31 /* ErrorSheet.swift in Sources */,
				2CEAC24A2A6E055400F93535 /* PlistOptionSheet.swift in Sources */,
				2C066B6E21F1945800DCF5AD /* DIM.applescript in Sources */,
				2C73DC292788C7C8005F7BFC /* Hider.swift in Sources */,
				2C066B5C21F1942700DCF5AD /* ViewController.swift in Sources */,
				2C066B6C21F1944A00DCF5AD /* DIMBridge.swift in Sources */,
				2C728A2C2365239500D65798 /* ChangeArrangement.swift in Sources */,
				2C9AB91921F3C48100EB09A7 /* AddArrangement.swift in Sources */,
				2C066B5A21F1942700DCF5AD /* AppDelegate.swift in Sources */,
				2C066B9621F320F700DCF5AD /* EditSheet.swift in Sources */,
			);
			runOnlyForDeploymentPostprocessing = 0;
		};
		2C351E6B2DD66A6800AFE2CF /* Sources */ = {
			isa = PBXSourcesBuildPhase;
			buildActionMask = 2147483647;
			files = (
				2C351E752DD66B4500AFE2CF /* DIMDockTilePlugin.swift in Sources */,
			);
			runOnlyForDeploymentPostprocessing = 0;
		};
/* End PBXSourcesBuildPhase section */

/* Begin PBXVariantGroup section */
		2C79D9CC21F8EF1400C612B4 /* Main.storyboard */ = {
			isa = PBXVariantGroup;
			children = (
				2C79D9CD21F8EF1400C612B4 /* Base */,
			);
			name = Main.storyboard;
			sourceTree = "<group>";
		};
/* End PBXVariantGroup section */

/* Begin XCBuildConfiguration section */
		2C066B6421F1942800DCF5AD /* Debug */ = {
			isa = XCBuildConfiguration;
			buildSettings = {
				ALWAYS_SEARCH_USER_PATHS = NO;
				CLANG_ANALYZER_NONNULL = YES;
				CLANG_ANALYZER_NUMBER_OBJECT_CONVERSION = YES_AGGRESSIVE;
				CLANG_CXX_LANGUAGE_STANDARD = "gnu++14";
				CLANG_CXX_LIBRARY = "libc++";
				CLANG_ENABLE_MODULES = YES;
				CLANG_ENABLE_OBJC_ARC = YES;
				CLANG_ENABLE_OBJC_WEAK = YES;
				CLANG_WARN_BLOCK_CAPTURE_AUTORELEASING = YES;
				CLANG_WARN_BOOL_CONVERSION = YES;
				CLANG_WARN_COMMA = YES;
				CLANG_WARN_CONSTANT_CONVERSION = YES;
				CLANG_WARN_DEPRECATED_OBJC_IMPLEMENTATIONS = YES;
				CLANG_WARN_DIRECT_OBJC_ISA_USAGE = YES_ERROR;
				CLANG_WARN_DOCUMENTATION_COMMENTS = YES;
				CLANG_WARN_EMPTY_BODY = YES;
				CLANG_WARN_ENUM_CONVERSION = YES;
				CLANG_WARN_INFINITE_RECURSION = YES;
				CLANG_WARN_INT_CONVERSION = YES;
				CLANG_WARN_NON_LITERAL_NULL_CONVERSION = YES;
				CLANG_WARN_OBJC_IMPLICIT_RETAIN_SELF = YES;
				CLANG_WARN_OBJC_LITERAL_CONVERSION = YES;
				CLANG_WARN_OBJC_ROOT_CLASS = YES_ERROR;
				CLANG_WARN_QUOTED_INCLUDE_IN_FRAMEWORK_HEADER = YES;
				CLANG_WARN_RANGE_LOOP_ANALYSIS = YES;
				CLANG_WARN_STRICT_PROTOTYPES = YES;
				CLANG_WARN_SUSPICIOUS_MOVE = YES;
				CLANG_WARN_UNGUARDED_AVAILABILITY = YES_AGGRESSIVE;
				CLANG_WARN_UNREACHABLE_CODE = YES;
				CLANG_WARN__DUPLICATE_METHOD_MATCH = YES;
				CODE_SIGN_IDENTITY = "-";
				COPY_PHASE_STRIP = NO;
				DEAD_CODE_STRIPPING = YES;
				DEBUG_INFORMATION_FORMAT = dwarf;
				ENABLE_STRICT_OBJC_MSGSEND = YES;
				ENABLE_TESTABILITY = YES;
				GCC_C_LANGUAGE_STANDARD = gnu11;
				GCC_DYNAMIC_NO_PIC = NO;
				GCC_NO_COMMON_BLOCKS = YES;
				GCC_OPTIMIZATION_LEVEL = 0;
				GCC_PREPROCESSOR_DEFINITIONS = (
					"DEBUG=1",
					"$(inherited)",
				);
				GCC_WARN_64_TO_32_BIT_CONVERSION = YES;
				GCC_WARN_ABOUT_RETURN_TYPE = YES_ERROR;
				GCC_WARN_UNDECLARED_SELECTOR = YES;
				GCC_WARN_UNINITIALIZED_AUTOS = YES_AGGRESSIVE;
				GCC_WARN_UNUSED_FUNCTION = YES;
				GCC_WARN_UNUSED_VARIABLE = YES;
				MACOSX_DEPLOYMENT_TARGET = 10.10;
				MTL_ENABLE_DEBUG_INFO = INCLUDE_SOURCE;
				MTL_FAST_MATH = YES;
				ONLY_ACTIVE_ARCH = YES;
				SDKROOT = macosx;
				SWIFT_ACTIVE_COMPILATION_CONDITIONS = DEBUG;
				SWIFT_OPTIMIZATION_LEVEL = "-Onone";
			};
			name = Debug;
		};
		2C066B6521F1942800DCF5AD /* Release */ = {
			isa = XCBuildConfiguration;
			buildSettings = {
				ALWAYS_SEARCH_USER_PATHS = NO;
				CLANG_ANALYZER_NONNULL = YES;
				CLANG_ANALYZER_NUMBER_OBJECT_CONVERSION = YES_AGGRESSIVE;
				CLANG_CXX_LANGUAGE_STANDARD = "gnu++14";
				CLANG_CXX_LIBRARY = "libc++";
				CLANG_ENABLE_MODULES = YES;
				CLANG_ENABLE_OBJC_ARC = YES;
				CLANG_ENABLE_OBJC_WEAK = YES;
				CLANG_WARN_BLOCK_CAPTURE_AUTORELEASING = YES;
				CLANG_WARN_BOOL_CONVERSION = YES;
				CLANG_WARN_COMMA = YES;
				CLANG_WARN_CONSTANT_CONVERSION = YES;
				CLANG_WARN_DEPRECATED_OBJC_IMPLEMENTATIONS = YES;
				CLANG_WARN_DIRECT_OBJC_ISA_USAGE = YES_ERROR;
				CLANG_WARN_DOCUMENTATION_COMMENTS = YES;
				CLANG_WARN_EMPTY_BODY = YES;
				CLANG_WARN_ENUM_CONVERSION = YES;
				CLANG_WARN_INFINITE_RECURSION = YES;
				CLANG_WARN_INT_CONVERSION = YES;
				CLANG_WARN_NON_LITERAL_NULL_CONVERSION = YES;
				CLANG_WARN_OBJC_IMPLICIT_RETAIN_SELF = YES;
				CLANG_WARN_OBJC_LITERAL_CONVERSION = YES;
				CLANG_WARN_OBJC_ROOT_CLASS = YES_ERROR;
				CLANG_WARN_QUOTED_INCLUDE_IN_FRAMEWORK_HEADER = YES;
				CLANG_WARN_RANGE_LOOP_ANALYSIS = YES;
				CLANG_WARN_STRICT_PROTOTYPES = YES;
				CLANG_WARN_SUSPICIOUS_MOVE = YES;
				CLANG_WARN_UNGUARDED_AVAILABILITY = YES_AGGRESSIVE;
				CLANG_WARN_UNREACHABLE_CODE = YES;
				CLANG_WARN__DUPLICATE_METHOD_MATCH = YES;
				CODE_SIGN_IDENTITY = "-";
				COPY_PHASE_STRIP = NO;
				DEAD_CODE_STRIPPING = YES;
				DEBUG_INFORMATION_FORMAT = "dwarf-with-dsym";
				ENABLE_NS_ASSERTIONS = NO;
				ENABLE_STRICT_OBJC_MSGSEND = YES;
				GCC_C_LANGUAGE_STANDARD = gnu11;
				GCC_NO_COMMON_BLOCKS = YES;
				GCC_WARN_64_TO_32_BIT_CONVERSION = YES;
				GCC_WARN_ABOUT_RETURN_TYPE = YES_ERROR;
				GCC_WARN_UNDECLARED_SELECTOR = YES;
				GCC_WARN_UNINITIALIZED_AUTOS = YES_AGGRESSIVE;
				GCC_WARN_UNUSED_FUNCTION = YES;
				GCC_WARN_UNUSED_VARIABLE = YES;
				MACOSX_DEPLOYMENT_TARGET = 10.10;
				MTL_ENABLE_DEBUG_INFO = NO;
				MTL_FAST_MATH = YES;
				SDKROOT = macosx;
				SWIFT_COMPILATION_MODE = wholemodule;
				SWIFT_OPTIMIZATION_LEVEL = "-O";
			};
			name = Release;
		};
		2C066B6721F1942800DCF5AD /* Debug */ = {
			isa = XCBuildConfiguration;
			buildSettings = {
				ASSETCATALOG_COMPILER_APPICON_NAME = AppIcon;
				CODE_SIGN_ENTITLEMENTS = DIM/DIM.entitlements;
				CODE_SIGN_IDENTITY = "Apple Development";
				"CODE_SIGN_IDENTITY[sdk=macosx*]" = "Apple Development";
				CODE_SIGN_STYLE = Automatic;
				COMBINE_HIDPI_IMAGES = YES;
				CURRENT_PROJECT_VERSION = 1;
				DEAD_CODE_STRIPPING = YES;
				DEVELOPMENT_TEAM = XJ9ZL4KYVN;
				ENABLE_HARDENED_RUNTIME = YES;
				INFOPLIST_FILE = DIM/Info.plist;
				INFOPLIST_KEY_LSApplicationCategoryType = "public.app-category.utilities";
				LD_RUNPATH_SEARCH_PATHS = (
					"$(inherited)",
					"@executable_path/../Frameworks",
				);
				MACOSX_DEPLOYMENT_TARGET = 10.13;
				MARKETING_VERSION = 4.3.3;
				PRODUCT_BUNDLE_IDENTIFIER = "com.parker9.DIM-4";
				PRODUCT_NAME = "$(TARGET_NAME)";
				PROVISIONING_PROFILE_SPECIFIER = "";
				REGISTER_APP_GROUPS = YES;
				SWIFT_VERSION = 5.0;
			};
			name = Debug;
		};
		2C066B6821F1942800DCF5AD /* Release */ = {
			isa = XCBuildConfiguration;
			buildSettings = {
				ASSETCATALOG_COMPILER_APPICON_NAME = AppIcon;
				CODE_SIGN_ENTITLEMENTS = DIM/DIM.entitlements;
				CODE_SIGN_IDENTITY = "Apple Development";
				"CODE_SIGN_IDENTITY[sdk=macosx*]" = "Apple Development";
				CODE_SIGN_STYLE = Automatic;
				COMBINE_HIDPI_IMAGES = YES;
				CURRENT_PROJECT_VERSION = 1;
				DEAD_CODE_STRIPPING = YES;
				DEVELOPMENT_TEAM = XJ9ZL4KYVN;
				ENABLE_HARDENED_RUNTIME = YES;
				INFOPLIST_FILE = DIM/Info.plist;
				INFOPLIST_KEY_LSApplicationCategoryType = "public.app-category.utilities";
				LD_RUNPATH_SEARCH_PATHS = (
					"$(inherited)",
					"@executable_path/../Frameworks",
				);
				MACOSX_DEPLOYMENT_TARGET = 10.13;
				MARKETING_VERSION = 4.3.3;
				PRODUCT_BUNDLE_IDENTIFIER = "com.parker9.DIM-4";
				PRODUCT_NAME = "$(TARGET_NAME)";
				PROVISIONING_PROFILE_SPECIFIER = "";
				REGISTER_APP_GROUPS = YES;
				SWIFT_VERSION = 5.0;
			};
			name = Release;
		};
		2C351E702DD66A6800AFE2CF /* Debug */ = {
			isa = XCBuildConfiguration;
			buildSettings = {
				ASSETCATALOG_COMPILER_GENERATE_SWIFT_ASSET_SYMBOL_EXTENSIONS = YES;
				CLANG_CXX_LANGUAGE_STANDARD = "gnu++20";
				CLANG_ENABLE_MODULES = YES;
				"CODE_SIGN_IDENTITY[sdk=macosx*]" = "Apple Development";
				CODE_SIGN_STYLE = Automatic;
				COMBINE_HIDPI_IMAGES = YES;
				CURRENT_PROJECT_VERSION = 1;
				DEVELOPMENT_TEAM = XJ9ZL4KYVN;
				ENABLE_USER_SCRIPT_SANDBOXING = YES;
				GCC_C_LANGUAGE_STANDARD = gnu17;
				GENERATE_INFOPLIST_FILE = YES;
				INFOPLIST_KEY_NSHumanReadableCopyright = "Copyright © 2025 G.J. Parker. All rights reserved.";
				INFOPLIST_KEY_NSPrincipalClass = DIMDockTilePlugin;
				INSTALL_PATH = "$(LOCAL_LIBRARY_DIR)/Bundles";
				LOCALIZATION_PREFERS_STRING_CATALOGS = YES;
				MACOSX_DEPLOYMENT_TARGET = 10.13;
				MARKETING_VERSION = 1.0;
				PRODUCT_BUNDLE_IDENTIFIER = com.parker9.DIMDockTilePlugin;
				PRODUCT_NAME = "$(TARGET_NAME)";
				SKIP_INSTALL = YES;
				SWIFT_EMIT_LOC_STRINGS = YES;
				SWIFT_OPTIMIZATION_LEVEL = "-Onone";
				SWIFT_VERSION = 6.0;
				WRAPPER_EXTENSION = docktileplugin;
			};
			name = Debug;
		};
		2C351E712DD66A6800AFE2CF /* Release */ = {
			isa = XCBuildConfiguration;
			buildSettings = {
				ASSETCATALOG_COMPILER_GENERATE_SWIFT_ASSET_SYMBOL_EXTENSIONS = YES;
				CLANG_CXX_LANGUAGE_STANDARD = "gnu++20";
				CLANG_ENABLE_MODULES = YES;
				"CODE_SIGN_IDENTITY[sdk=macosx*]" = "Apple Development";
				CODE_SIGN_STYLE = Automatic;
				COMBINE_HIDPI_IMAGES = YES;
				CURRENT_PROJECT_VERSION = 1;
				DEVELOPMENT_TEAM = XJ9ZL4KYVN;
				ENABLE_USER_SCRIPT_SANDBOXING = YES;
				GCC_C_LANGUAGE_STANDARD = gnu17;
				GENERATE_INFOPLIST_FILE = YES;
				INFOPLIST_KEY_NSHumanReadableCopyright = "Copyright © 2025 G.J. Parker. All rights reserved.";
				INFOPLIST_KEY_NSPrincipalClass = DIMDockTilePlugin;
				INSTALL_PATH = "$(LOCAL_LIBRARY_DIR)/Bundles";
				LOCALIZATION_PREFERS_STRING_CATALOGS = YES;
				MACOSX_DEPLOYMENT_TARGET = 10.13;
				MARKETING_VERSION = 1.0;
				PRODUCT_BUNDLE_IDENTIFIER = com.parker9.DIMDockTilePlugin;
				PRODUCT_NAME = "$(TARGET_NAME)";
				SKIP_INSTALL = YES;
				SWIFT_EMIT_LOC_STRINGS = YES;
				SWIFT_VERSION = 6.0;
				WRAPPER_EXTENSION = docktileplugin;
			};
			name = Release;
		};
/* End XCBuildConfiguration section */

/* Begin XCConfigurationList section */
		2C066B5121F1942600DCF5AD /* Build configuration list for PBXProject "DIM" */ = {
			isa = XCConfigurationList;
			buildConfigurations = (
				2C066B6421F1942800DCF5AD /* Debug */,
				2C066B6521F1942800DCF5AD /* Release */,
			);
			defaultConfigurationIsVisible = 0;
			defaultConfigurationName = Release;
		};
		2C066B6621F1942800DCF5AD /* Build configuration list for PBXNativeTarget "DIM" */ = {
			isa = XCConfigurationList;
			buildConfigurations = (
				2C066B6721F1942800DCF5AD /* Debug */,
				2C066B6821F1942800DCF5AD /* Release */,
			);
			defaultConfigurationIsVisible = 0;
			defaultConfigurationName = Release;
		};
		2C351E722DD66A6800AFE2CF /* Build configuration list for PBXNativeTarget "DIMDockTilePlugin" */ = {
			isa = XCConfigurationList;
			buildConfigurations = (
				2C351E702DD66A6800AFE2CF /* Debug */,
				2C351E712DD66A6800AFE2CF /* Release */,
			);
			defaultConfigurationIsVisible = 0;
			defaultConfigurationName = Release;
		};
/* End XCConfigurationList section */
	};
	rootObject = 2C066B4E21F1942600DCF5AD /* Project object */;
}
